
Microsoft Visual Studio Solution File, Format Version 12.00
# Visual Studio Version 16
VisualStudioVersion = 16.0.30114.105
MinimumVisualStudioVersion = 10.0.40219.1
Project("{FAE04EC0-301F-11D3-BF4B-00C04F79EFBC}") = "Model", "Model\Model.csproj", "{EC5D2F91-5FAD-431B-947C-2F86A88F2F4A}"
EndProject
Project("{FAE04EC0-301F-11D3-BF4B-00C04F79EFBC}") = "Dal", "Dal\Dal.csproj", "{9AA99738-8A4C-4BDA-9CEA-E37B60CC2FC3}"
EndProject
Project("{FAE04EC0-301F-11D3-BF4B-00C04F79EFBC}") = "Mvc", "Mvc\Mvc.csproj", "{C32DCD85-C1FF-4696-93E7-F003940D7BFC}"
EndProject
Global
	GlobalSection(SolutionConfigurationPlatforms) = preSolution
		Debug|Any CPU = Debug|Any CPU
		Release|Any CPU = Release|Any CPU
	EndGlobalSection
	GlobalSection(ProjectConfigurationPlatforms) = postSolution
		{EC5D2F91-5FAD-431B-947C-2F86A88F2F4A}.Debug|Any CPU.ActiveCfg = Debug|Any CPU
		{EC5D2F91-5FAD-431B-947C-2F86A88F2F4A}.Debug|Any CPU.Build.0 = Debug|Any CPU
		{EC5D2F91-5FAD-431B-947C-2F86A88F2F4A}.Release|Any CPU.ActiveCfg = Release|Any CPU
		{EC5D2F91-5FAD-431B-947C-2F86A88F2F4A}.Release|Any CPU.Build.0 = Release|Any CPU
		{9AA99738-8A4C-4BDA-9CEA-E37B60CC2FC3}.Debug|Any CPU.ActiveCfg = Debug|Any CPU
		{9AA99738-8A4C-4BDA-9CEA-E37B60CC2FC3}.Debug|Any CPU.Build.0 = Debug|Any CPU
		{9AA99738-8A4C-4BDA-9CEA-E37B60CC2FC3}.Release|Any CPU.ActiveCfg = Release|Any CPU
		{9AA99738-8A4C-4BDA-9CEA-E37B60CC2FC3}.Release|Any CPU.Build.0 = Release|Any CPU
		{C32DCD85-C1FF-4696-93E7-F003940D7BFC}.Debug|Any CPU.ActiveCfg = Debug|Any CPU
		{C32DCD85-C1FF-4696-93E7-F003940D7BFC}.Debug|Any CPU.Build.0 = Debug|Any CPU
		{C32DCD85-C1FF-4696-93E7-F003940D7BFC}.Release|Any CPU.ActiveCfg = Release|Any CPU
		{C32DCD85-C1FF-4696-93E7-F003940D7BFC}.Release|Any CPU.Build.0 = Release|Any CPU
	EndGlobalSection
	GlobalSection(SolutionProperties) = preSolution
		HideSolutionNode = FALSE
	EndGlobalSection
	GlobalSection(ExtensibilityGlobals) = postSolution
		SolutionGuid = {AD13DB4E-D3C5-4573-9088-08437D54B4D3}
	EndGlobalSection
EndGlobal
